
Microsoft Visual Studio Solution File, Format Version 12.00
# Visual Studio Version 16
VisualStudioVersion = 16.0.31205.134
MinimumVisualStudioVersion = 10.0.40219.1
Project("{FAE04EC0-301F-11D3-BF4B-00C04F79EFBC}") = "netCoreApi", "netCoreApi.csproj", "{4E942543-94D0-45EF-AB02-AEC6EE84BBD8}"
EndProject
Global
	GlobalSection(SolutionConfigurationPlatforms) = preSolution
		Debug|Any CPU = Debug|Any CPU
		Release|Any CPU = Release|Any CPU
	EndGlobalSection
	GlobalSection(ProjectConfigurationPlatforms) = postSolution
		{4E942543-94D0-45EF-AB02-AEC6EE84BBD8}.Debug|Any CPU.ActiveCfg = Debug|Any CPU
		{4E942543-94D0-45EF-AB02-AEC6EE84BBD8}.Debug|Any CPU.Build.0 = Debug|Any CPU
		{4E942543-94D0-45EF-AB02-AEC6EE84BBD8}.Release|Any CPU.ActiveCfg = Release|Any CPU
		{4E942543-94D0-45EF-AB02-AEC6EE84BBD8}.Release|Any CPU.Build.0 = Release|Any CPU
	EndGlobalSection
	GlobalSection(SolutionProperties) = preSolution
		HideSolutionNode = FALSE
	EndGlobalSection
	GlobalSection(ExtensibilityGlobals) = postSolution
		SolutionGuid = {6D317EA8-5EB7-4BD0-B183-C3CA77B74CBD}
	EndGlobalSection
EndGlobal
